
Microsoft Visual Studio Solution File, Format Version 12.00
# Visual Studio Version 16
VisualStudioVersion = 16.0.31424.327
MinimumVisualStudioVersion = 10.0.40219.1
Project("{FAE04EC0-301F-11D3-BF4B-00C04F79EFBC}") = "Vault Number Picker", "Vault Number Picker\Vault Number Picker.csproj", "{70B80179-A6BD-4439-92D8-1EBD77DBFBF9}"
EndProject
Global
	GlobalSection(SolutionConfigurationPlatforms) = preSolution
		Debug|Any CPU = Debug|Any CPU
		Release|Any CPU = Release|Any CPU
	EndGlobalSection
	GlobalSection(ProjectConfigurationPlatforms) = postSolution
		{70B80179-A6BD-4439-92D8-1EBD77DBFBF9}.Debug|Any CPU.ActiveCfg = Debug|Any CPU
		{70B80179-A6BD-4439-92D8-1EBD77DBFBF9}.Debug|Any CPU.Build.0 = Debug|Any CPU
		{70B80179-A6BD-4439-92D8-1EBD77DBFBF9}.Release|Any CPU.ActiveCfg = Release|Any CPU
		{70B80179-A6BD-4439-92D8-1EBD77DBFBF9}.Release|Any CPU.Build.0 = Release|Any CPU
	EndGlobalSection
	GlobalSection(SolutionProperties) = preSolution
		HideSolutionNode = FALSE
	EndGlobalSection
	GlobalSection(ExtensibilityGlobals) = postSolution
		SolutionGuid = {C0BFD6B2-A161-42BF-B2B5-19DF2F6BC369}
	EndGlobalSection
EndGlobal
